
Microsoft Visual Studio Solution File, Format Version 12.00
# Visual Studio 15
VisualStudioVersion = 15.0.27004.2009
MinimumVisualStudioVersion = 10.0.40219.1
Project("{FAE04EC0-301F-11D3-BF4B-00C04F79EFBC}") = "Rover", "Rover\Rover.csproj", "{1C39E7CB-57FC-4995-A076-49ACAC1791DC}"
EndProject
Global
	GlobalSection(SolutionConfigurationPlatforms) = preSolution
		Debug|Any CPU = Debug|Any CPU
		Release|Any CPU = Release|Any CPU
	EndGlobalSection
	GlobalSection(ProjectConfigurationPlatforms) = postSolution
		{1C39E7CB-57FC-4995-A076-49ACAC1791DC}.Debug|Any CPU.ActiveCfg = Debug|Any CPU
		{1C39E7CB-57FC-4995-A076-49ACAC1791DC}.Debug|Any CPU.Build.0 = Debug|Any CPU
		{1C39E7CB-57FC-4995-A076-49ACAC1791DC}.Release|Any CPU.ActiveCfg = Release|Any CPU
		{1C39E7CB-57FC-4995-A076-49ACAC1791DC}.Release|Any CPU.Build.0 = Release|Any CPU
	EndGlobalSection
	GlobalSection(SolutionProperties) = preSolution
		HideSolutionNode = FALSE
	EndGlobalSection
	GlobalSection(ExtensibilityGlobals) = postSolution
		SolutionGuid = {57242DBD-8A97-48BF-BB9E-0E4C4379AD0D}
	EndGlobalSection
EndGlobal
